
Microsoft Visual Studio Solution File, Format Version 12.00
# Visual Studio Version 16
VisualStudioVersion = 16.0.31613.86
MinimumVisualStudioVersion = 10.0.40219.1
Project("{9A19103F-16F7-4668-BE54-9A1E7A4F7556}") = "Entidades", "Entidades.csproj", "{62C0C59F-6B28-4D74-9717-583D152105DE}"
EndProject
Project("{9A19103F-16F7-4668-BE54-9A1E7A4F7556}") = "MiCalculadora", "..\MiCalculadora\MiCalculadora.csproj", "{2D542BD2-A97F-4206-9113-EADC99CBA3DF}"
EndProject
Project("{9A19103F-16F7-4668-BE54-9A1E7A4F7556}") = "TestConsole", "..\TestConsole\TestConsole.csproj", "{01B805D2-D569-413A-B5C4-95A8EF0679F0}"
	ProjectSection(ProjectDependencies) = postProject
		{62C0C59F-6B28-4D74-9717-583D152105DE} = {62C0C59F-6B28-4D74-9717-583D152105DE}
	EndProjectSection
EndProject
Global
	GlobalSection(SolutionConfigurationPlatforms) = preSolution
		Debug|Any CPU = Debug|Any CPU
		Release|Any CPU = Release|Any CPU
	EndGlobalSection
	GlobalSection(ProjectConfigurationPlatforms) = postSolution
		{62C0C59F-6B28-4D74-9717-583D152105DE}.Debug|Any CPU.ActiveCfg = Debug|Any CPU
		{62C0C59F-6B28-4D74-9717-583D152105DE}.Debug|Any CPU.Build.0 = Debug|Any CPU
		{62C0C59F-6B28-4D74-9717-583D152105DE}.Release|Any CPU.ActiveCfg = Release|Any CPU
		{62C0C59F-6B28-4D74-9717-583D152105DE}.Release|Any CPU.Build.0 = Release|Any CPU
		{2D542BD2-A97F-4206-9113-EADC99CBA3DF}.Debug|Any CPU.ActiveCfg = Debug|Any CPU
		{2D542BD2-A97F-4206-9113-EADC99CBA3DF}.Debug|Any CPU.Build.0 = Debug|Any CPU
		{2D542BD2-A97F-4206-9113-EADC99CBA3DF}.Release|Any CPU.ActiveCfg = Release|Any CPU
		{2D542BD2-A97F-4206-9113-EADC99CBA3DF}.Release|Any CPU.Build.0 = Release|Any CPU
		{01B805D2-D569-413A-B5C4-95A8EF0679F0}.Debug|Any CPU.ActiveCfg = Debug|Any CPU
		{01B805D2-D569-413A-B5C4-95A8EF0679F0}.Debug|Any CPU.Build.0 = Debug|Any CPU
		{01B805D2-D569-413A-B5C4-95A8EF0679F0}.Release|Any CPU.ActiveCfg = Release|Any CPU
		{01B805D2-D569-413A-B5C4-95A8EF0679F0}.Release|Any CPU.Build.0 = Release|Any CPU
	EndGlobalSection
	GlobalSection(SolutionProperties) = preSolution
		HideSolutionNode = FALSE
	EndGlobalSection
	GlobalSection(ExtensibilityGlobals) = postSolution
		SolutionGuid = {53C9DBF4-B701-477F-B0A1-707925B02F7E}
	EndGlobalSection
EndGlobal
