
Microsoft Visual Studio Solution File, Format Version 12.00
# Visual Studio Version 16
VisualStudioVersion = 16.0.31613.86
MinimumVisualStudioVersion = 10.0.40219.1
Project("{9A19103F-16F7-4668-BE54-9A1E7A4F7556}") = "Entidades", "Entidades\Entidades.csproj", "{67432A9D-8345-471D-81D3-AB635BB62A3A}"
EndProject
Project("{9A19103F-16F7-4668-BE54-9A1E7A4F7556}") = "Test", "Test\Test.csproj", "{96A445AF-3326-436C-85E5-F3650BDFA551}"
EndProject
Project("{9A19103F-16F7-4668-BE54-9A1E7A4F7556}") = "Competencia", "Competencia\Competencia.csproj", "{73C28E6A-34CE-4B78-8522-954317C00ED3}"
EndProject
Project("{FAE04EC0-301F-11D3-BF4B-00C04F79EFBC}") = "TestProject", "TestProject\TestProject.csproj", "{8BF1104C-4F05-41DD-B577-85B691AE871C}"
EndProject
Global
	GlobalSection(SolutionConfigurationPlatforms) = preSolution
		Debug|Any CPU = Debug|Any CPU
		Release|Any CPU = Release|Any CPU
	EndGlobalSection
	GlobalSection(ProjectConfigurationPlatforms) = postSolution
		{67432A9D-8345-471D-81D3-AB635BB62A3A}.Debug|Any CPU.ActiveCfg = Debug|Any CPU
		{67432A9D-8345-471D-81D3-AB635BB62A3A}.Debug|Any CPU.Build.0 = Debug|Any CPU
		{67432A9D-8345-471D-81D3-AB635BB62A3A}.Release|Any CPU.ActiveCfg = Release|Any CPU
		{67432A9D-8345-471D-81D3-AB635BB62A3A}.Release|Any CPU.Build.0 = Release|Any CPU
		{96A445AF-3326-436C-85E5-F3650BDFA551}.Debug|Any CPU.ActiveCfg = Debug|Any CPU
		{96A445AF-3326-436C-85E5-F3650BDFA551}.Debug|Any CPU.Build.0 = Debug|Any CPU
		{96A445AF-3326-436C-85E5-F3650BDFA551}.Release|Any CPU.ActiveCfg = Release|Any CPU
		{96A445AF-3326-436C-85E5-F3650BDFA551}.Release|Any CPU.Build.0 = Release|Any CPU
		{73C28E6A-34CE-4B78-8522-954317C00ED3}.Debug|Any CPU.ActiveCfg = Debug|Any CPU
		{73C28E6A-34CE-4B78-8522-954317C00ED3}.Debug|Any CPU.Build.0 = Debug|Any CPU
		{73C28E6A-34CE-4B78-8522-954317C00ED3}.Release|Any CPU.ActiveCfg = Release|Any CPU
		{73C28E6A-34CE-4B78-8522-954317C00ED3}.Release|Any CPU.Build.0 = Release|Any CPU
		{8BF1104C-4F05-41DD-B577-85B691AE871C}.Debug|Any CPU.ActiveCfg = Debug|Any CPU
		{8BF1104C-4F05-41DD-B577-85B691AE871C}.Debug|Any CPU.Build.0 = Debug|Any CPU
		{8BF1104C-4F05-41DD-B577-85B691AE871C}.Release|Any CPU.ActiveCfg = Release|Any CPU
		{8BF1104C-4F05-41DD-B577-85B691AE871C}.Release|Any CPU.Build.0 = Release|Any CPU
	EndGlobalSection
	GlobalSection(SolutionProperties) = preSolution
		HideSolutionNode = FALSE
	EndGlobalSection
	GlobalSection(ExtensibilityGlobals) = postSolution
		SolutionGuid = {9C73D7E6-EBD3-45E4-9B1E-2AE5BEAFAFB4}
	EndGlobalSection
EndGlobal
